// !$*UTF8*$!
{
	archiveVersion = 1;
	classes = {
	};
	objectVersion = 77;
	objects = {

/* Begin PBXBuildFile section */
		057C67CA77C34F8753AC4E1B /* KeyEditorViewModel.swift in Sources */ = {isa = PBXBuildFile; fileRef = 07092DBA1DCF960D200B9251 /* KeyEditorViewModel.swift */; };
		0780507AB54B25A9A3398422 /* ShareKeysView.swift in Sources */ = {isa = PBXBuildFile; fileRef = FCD863D9D3D25902544E5FFC /* ShareKeysView.swift */; };
		1005450B3DE62DDFB05DCBF8 /* CleanupView.swift in Sources */ = {isa = PBXBuildFile; fileRef = 377083C62C68CDF42F4B6F29 /* CleanupView.swift */; };
		163DDFF8E8B54D9552084AC4 /* KeyEditorView.swift in Sources */ = {isa = PBXBuildFile; fileRef = 68AC51C702FED7968C5CE7CA /* KeyEditorView.swift */; };
		175996633B80B083380C17B4 /* ActivityView.swift in Sources */ = {isa = PBXBuildFile; fileRef = 643534F04E9F8B5F19FF1F0D /* ActivityView.swift */; };
		17E984B7629D8CE3316EA863 /* ExportView.swift in Sources */ = {isa = PBXBuildFile; fileRef = 1C09614C3D3E83949303EEAC /* ExportView.swift */; };
		1991B82F1FDB41603BD80CEC /* KeyShareServiceTests.swift in Sources */ = {isa = PBXBuildFile; fileRef = E18270833BDFFEACBE8F6B44 /* KeyShareServiceTests.swift */; };
		1AB9E049266DAB9AD0D35A3E /* ProxyLog.swift in Sources */ = {isa = PBXBuildFile; fileRef = 570CC30E4C6DA6D972276E16 /* ProxyLog.swift */; };
		1D01789D63D03F256B16DD7A /* LegacyKeyScannerTests.swift in Sources */ = {isa = PBXBuildFile; fileRef = 9337A8498BD6DA1B0AE6343C /* LegacyKeyScannerTests.swift */; };
		1FBDB678ABCDB9503FE0DCEA /* ProxyServer.swift in Sources */ = {isa = PBXBuildFile; fileRef = DDE2E88F59640366B8EE60C8 /* ProxyServer.swift */; };
		25101CE19322B14D1988F7ED /* HTTPRequestParser.swift in Sources */ = {isa = PBXBuildFile; fileRef = 442E3D918DD99B2AC191CC0B /* HTTPRequestParser.swift */; };
		29216A0485E26E52B089FD20 /* Assets.xcassets in Resources */ = {isa = PBXBuildFile; fileRef = 6CE26B4571DA45A26B9C6E53 /* Assets.xcassets */; };
		2966A971D9A2E8D269B44F43 /* EnvImportView.swift in Sources */ = {isa = PBXBuildFile; fileRef = 77DAFD5CC9DA2B47003B7C1F /* EnvImportView.swift */; };
		2B3A4963FF166104314944CF /* KeychainService.swift in Sources */ = {isa = PBXBuildFile; fileRef = F1CFA57EED2AEC2489060E17 /* KeychainService.swift */; };
		30C8DB25105498065C1AF8F5 /* ViewModelTests.swift in Sources */ = {isa = PBXBuildFile; fileRef = F69D54AA42B1FDEBB2AD036B /* ViewModelTests.swift */; };
		329AFAC717680A8389A1B15A /* StatusBadge.swift in Sources */ = {isa = PBXBuildFile; fileRef = 32265D7FB6EBE3FCEF791DDB /* StatusBadge.swift */; };
		3A56CD00EE4C3F00A9F4D0AD /* KeyShareService.swift in Sources */ = {isa = PBXBuildFile; fileRef = 2F4FD4DB8058AD798CC211E6 /* KeyShareService.swift */; };
		4013BBEA241CC555169FCF65 /* SecretRefTests.swift in Sources */ = {isa = PBXBuildFile; fileRef = 1EDF5F4F543FDCFEAE87669B /* SecretRefTests.swift */; };
		434F7D7FEE37A6CDED3AD084 /* ProxyTests.swift in Sources */ = {isa = PBXBuildFile; fileRef = BBB424D42EDE63D9E03A86DD /* ProxyTests.swift */; };
		47D0324B8366C625BD452CE3 /* ServiceIcon.swift in Sources */ = {isa = PBXBuildFile; fileRef = 0896F50DD989F27221B31944 /* ServiceIcon.swift */; };
		5254F9E77B6A8E4D94CD4EA2 /* MainView.swift in Sources */ = {isa = PBXBuildFile; fileRef = B34D69424777BDC24CCEE278 /* MainView.swift */; };
		5278DF5E8B00C1E6B6784E11 /* APIKey.swift in Sources */ = {isa = PBXBuildFile; fileRef = 8BAA59605A0988605BDA9071 /* APIKey.swift */; };
		52B070DF55ECCB79349CF51C /* ProxyRoute.swift in Sources */ = {isa = PBXBuildFile; fileRef = B76CC5D338AC4C682B18BBA6 /* ProxyRoute.swift */; };
		56E5895E051EA7C2D56E17CF /* CategoryManagerView.swift in Sources */ = {isa = PBXBuildFile; fileRef = 3D7940FCD731745BFFB05406 /* CategoryManagerView.swift */; };
		57E4627622F0FE9A65F945C1 /* ModeSelectView.swift in Sources */ = {isa = PBXBuildFile; fileRef = 2939F10EF6CE9C4D059904DC /* ModeSelectView.swift */; };
		57F88F187AB1107A3629A2BA /* ZshrcExporter.swift in Sources */ = {isa = PBXBuildFile; fileRef = 728E72380D1F60902EF105B2 /* ZshrcExporter.swift */; };
		5EDD36E5CB9496B9E8EE8747 /* CustomKeyStore.swift in Sources */ = {isa = PBXBuildFile; fileRef = 92065103580C94C2BB99FB48 /* CustomKeyStore.swift */; };
		63BB58A5661CD588F35B64D7 /* SetupManagerTests.swift in Sources */ = {isa = PBXBuildFile; fileRef = CFEC2C4A62A257212BEE4D95 /* SetupManagerTests.swift */; };
		6857A9D9465864324DC7F284 /* ServiceType.swift in Sources */ = {isa = PBXBuildFile; fileRef = 6C53937A25B01C4B954FA50F /* ServiceType.swift */; };
		6DA3EEB53611C94BADF13C19 /* OnboardingViewModel.swift in Sources */ = {isa = PBXBuildFile; fileRef = F2A3438BA6DB0A665C0E3D08 /* OnboardingViewModel.swift */; };
		6E06A2F98FD732DCB7D7D3CE /* OnboardingStep.swift in Sources */ = {isa = PBXBuildFile; fileRef = 0AEB106A3DD5A368DDDBD869 /* OnboardingStep.swift */; };
		7D946F2DB9B9D085052EDB87 /* AppFonts.swift in Sources */ = {isa = PBXBuildFile; fileRef = 56404BDE58192F0E86AD8B7E /* AppFonts.swift */; };
		997092F4B071916A707F052B /* AppColors.swift in Sources */ = {isa = PBXBuildFile; fileRef = 25AF158D6FB20753F89DF323 /* AppColors.swift */; };
		A2F1064807E933FE345F8063 /* KeychainServiceTests.swift in Sources */ = {isa = PBXBuildFile; fileRef = 28DC4BEF20A119E940433F3A /* KeychainServiceTests.swift */; };
		A333DEEBD8AD828CC031413A /* IconPickerGrid.swift in Sources */ = {isa = PBXBuildFile; fileRef = FE82389E8C1EDD586872750A /* IconPickerGrid.swift */; };
		A5417351BB72385534D8B9B7 /* SidebarView.swift in Sources */ = {isa = PBXBuildFile; fileRef = 11E7404C25ED51694C3DF766 /* SidebarView.swift */; };
		AB911324067521B34322D8A9 /* KeyListViewModel.swift in Sources */ = {isa = PBXBuildFile; fileRef = 86254B995FB20769DA53656A /* KeyListViewModel.swift */; };
		ADD892CA115969AC2CF3C169 /* SecretHygiene.swift in Sources */ = {isa = PBXBuildFile; fileRef = E18E322C52277BDBD022D701 /* SecretHygiene.swift */; };
		AF1D41DA4AC29AEE58B49FDF /* MenuBarView.swift in Sources */ = {isa = PBXBuildFile; fileRef = 5AF474BC29A1530637DA89AB /* MenuBarView.swift */; };
		B2F5D286112157097BF29416 /* KeyRowView.swift in Sources */ = {isa = PBXBuildFile; fileRef = B71C2E4D1617957A56CFF459 /* KeyRowView.swift */; };
		BBEC55D1F836E307DE46B844 /* AppLanguage.swift in Sources */ = {isa = PBXBuildFile; fileRef = 99B69E8B22FA2C8C00A6DF9A /* AppLanguage.swift */; };
		BD6043825D59D62BDB272066 /* LegacyKeyScanner.swift in Sources */ = {isa = PBXBuildFile; fileRef = FE1D9FC4A50AB922B9C1FD1A /* LegacyKeyScanner.swift */; };
		C0048864B310D16BE77D460F /* OnboardingView.swift in Sources */ = {isa = PBXBuildFile; fileRef = A5AE0FFA12A5A654B81D2DBA /* OnboardingView.swift */; };
		C4C7726A2BDC408D034DC23A /* RecoveryView.swift in Sources */ = {isa = PBXBuildFile; fileRef = 4A96E32BD83312A5116D44E7 /* RecoveryView.swift */; };
		C8354CC8F169967E2C4F8058 /* KeyCategory.swift in Sources */ = {isa = PBXBuildFile; fileRef = 0B7B1F4D6E6116070ED7824F /* KeyCategory.swift */; };
		CC6B7823B5DCA500A9A20A4D /* ModelTests.swift in Sources */ = {isa = PBXBuildFile; fileRef = 0F4D6C9DC84B322FB385ACE3 /* ModelTests.swift */; };
		CD72365EE2B860B242D89708 /* KeyShareHardeningTests.swift in Sources */ = {isa = PBXBuildFile; fileRef = 0CE42D145C1D539331367E03 /* KeyShareHardeningTests.swift */; };
		DB35D6EB592E09D00C582035 /* HelpView.swift in Sources */ = {isa = PBXBuildFile; fileRef = 76FF79BB82A54008BE24C981 /* HelpView.swift */; };
		E4121F90426AFDC4BD032F3A /* L10n.swift in Sources */ = {isa = PBXBuildFile; fileRef = 7DF81328B72F2A8A703BEFF2 /* L10n.swift */; };
		E60B2BDDB0E9793C2CC58C5C /* SetupManager.swift in Sources */ = {isa = PBXBuildFile; fileRef = 524109D967A855636B5BECB8 /* SetupManager.swift */; };
		E6EF4BDCA836753730368031 /* AIkeychainApp.swift in Sources */ = {isa = PBXBuildFile; fileRef = 42FBF226CDBB7B16615DB078 /* AIkeychainApp.swift */; };
		E805C8A422ADCA7B2042DE29 /* AppState.swift in Sources */ = {isa = PBXBuildFile; fileRef = 28BBC08B62D864042131E96C /* AppState.swift */; };
		E963094220E71C64DEA96121 /* FingerprintTOFUStore.swift in Sources */ = {isa = PBXBuildFile; fileRef = 6D8C7190C24537528AD2B987 /* FingerprintTOFUStore.swift */; };
		F0BB7FFD1936E579F9D65861 /* SecurityCLIKeychainServiceTests.swift in Sources */ = {isa = PBXBuildFile; fileRef = D6B529E3962BE2F851B2297B /* SecurityCLIKeychainServiceTests.swift */; };
		F1F638CD03451687D1B92598 /* UpgradeTourView.swift in Sources */ = {isa = PBXBuildFile; fileRef = 523C0657000343A2582C98A4 /* UpgradeTourView.swift */; };
		F1FCE802F6B8CD69C82050FD /* CategoryIcon.swift in Sources */ = {isa = PBXBuildFile; fileRef = 5564B99419540E50E1276D79 /* CategoryIcon.swift */; };
		F600C34E56EF17E276B8E5B8 /* SecurityCLIKeychainService.swift in Sources */ = {isa = PBXBuildFile; fileRef = 956D2DFA56DC4FD7D699EC36 /* SecurityCLIKeychainService.swift */; };
		F620D2BC08B405183D3732AB /* AppAnimations.swift in Sources */ = {isa = PBXBuildFile; fileRef = AB1D3DCA2727A4F0E3B73623 /* AppAnimations.swift */; };
		F76438E441201123E08CCBA2 /* KeyListView.swift in Sources */ = {isa = PBXBuildFile; fileRef = 5D2999D8FAA2B2AA1066D5B7 /* KeyListView.swift */; };
/* End PBXBuildFile section */

/* Begin PBXContainerItemProxy section */
		7048B385D281BCBDB12248E1 /* PBXContainerItemProxy */ = {
			isa = PBXContainerItemProxy;
			containerPortal = 2087C2CF4AFA0309FCA0AD2A /* Project object */;
			proxyType = 1;
			remoteGlobalIDString = 0207970099731993A400F247;
			remoteInfo = AIkeychain;
		};
/* End PBXContainerItemProxy section */

/* Begin PBXFileReference section */
		07092DBA1DCF960D200B9251 /* KeyEditorViewModel.swift */ = {isa = PBXFileReference; lastKnownFileType = sourcecode.swift; path = KeyEditorViewModel.swift; sourceTree = "<group>"; };
		0896F50DD989F27221B31944 /* ServiceIcon.swift */ = {isa = PBXFileReference; lastKnownFileType = sourcecode.swift; path = ServiceIcon.swift; sourceTree = "<group>"; };
		0AEB106A3DD5A368DDDBD869 /* OnboardingStep.swift */ = {isa = PBXFileReference; lastKnownFileType = sourcecode.swift; path = OnboardingStep.swift; sourceTree = "<group>"; };
		0B7B1F4D6E6116070ED7824F /* KeyCategory.swift */ = {isa = PBXFileReference; lastKnownFileType = sourcecode.swift; path = KeyCategory.swift; sourceTree = "<group>"; };
		0CE42D145C1D539331367E03 /* KeyShareHardeningTests.swift */ = {isa = PBXFileReference; lastKnownFileType = sourcecode.swift; path = KeyShareHardeningTests.swift; sourceTree = "<group>"; };
		0F4D6C9DC84B322FB385ACE3 /* ModelTests.swift */ = {isa = PBXFileReference; lastKnownFileType = sourcecode.swift; path = ModelTests.swift; sourceTree = "<group>"; };
		11E7404C25ED51694C3DF766 /* SidebarView.swift */ = {isa = PBXFileReference; lastKnownFileType = sourcecode.swift; path = SidebarView.swift; sourceTree = "<group>"; };
		17CF9BE88F6A2F4FB9F5A79A /* AIkeychain.entitlements */ = {isa = PBXFileReference; lastKnownFileType = text.plist.entitlements; path = AIkeychain.entitlements; sourceTree = "<group>"; };
		1C09614C3D3E83949303EEAC /* ExportView.swift */ = {isa = PBXFileReference; lastKnownFileType = sourcecode.swift; path = ExportView.swift; sourceTree = "<group>"; };
		1EDF5F4F543FDCFEAE87669B /* SecretRefTests.swift */ = {isa = PBXFileReference; lastKnownFileType = sourcecode.swift; path = SecretRefTests.swift; sourceTree = "<group>"; };
		25AF158D6FB20753F89DF323 /* AppColors.swift */ = {isa = PBXFileReference; lastKnownFileType = sourcecode.swift; path = AppColors.swift; sourceTree = "<group>"; };
		28BBC08B62D864042131E96C /* AppState.swift */ = {isa = PBXFileReference; lastKnownFileType = sourcecode.swift; path = AppState.swift; sourceTree = "<group>"; };
		28DC4BEF20A119E940433F3A /* KeychainServiceTests.swift */ = {isa = PBXFileReference; lastKnownFileType = sourcecode.swift; path = KeychainServiceTests.swift; sourceTree = "<group>"; };
		2939F10EF6CE9C4D059904DC /* ModeSelectView.swift */ = {isa = PBXFileReference; lastKnownFileType = sourcecode.swift; path = ModeSelectView.swift; sourceTree = "<group>"; };
		2F4FD4DB8058AD798CC211E6 /* KeyShareService.swift */ = {isa = PBXFileReference; lastKnownFileType = sourcecode.swift; path = KeyShareService.swift; sourceTree = "<group>"; };
		32265D7FB6EBE3FCEF791DDB /* StatusBadge.swift */ = {isa = PBXFileReference; lastKnownFileType = sourcecode.swift; path = StatusBadge.swift; sourceTree = "<group>"; };
		377083C62C68CDF42F4B6F29 /* CleanupView.swift */ = {isa = PBXFileReference; lastKnownFileType = sourcecode.swift; path = CleanupView.swift; sourceTree = "<group>"; };
		3D7940FCD731745BFFB05406 /* CategoryManagerView.swift */ = {isa = PBXFileReference; lastKnownFileType = sourcecode.swift; path = CategoryManagerView.swift; sourceTree = "<group>"; };
		42FBF226CDBB7B16615DB078 /* AIkeychainApp.swift */ = {isa = PBXFileReference; lastKnownFileType = sourcecode.swift; path = AIkeychainApp.swift; sourceTree = "<group>"; };
		442E3D918DD99B2AC191CC0B /* HTTPRequestParser.swift */ = {isa = PBXFileReference; lastKnownFileType = sourcecode.swift; path = HTTPRequestParser.swift; sourceTree = "<group>"; };
		4A96E32BD83312A5116D44E7 /* RecoveryView.swift */ = {isa = PBXFileReference; lastKnownFileType = sourcecode.swift; path = RecoveryView.swift; sourceTree = "<group>"; };
		523C0657000343A2582C98A4 /* UpgradeTourView.swift */ = {isa = PBXFileReference; lastKnownFileType = sourcecode.swift; path = UpgradeTourView.swift; sourceTree = "<group>"; };
		524109D967A855636B5BECB8 /* SetupManager.swift */ = {isa = PBXFileReference; lastKnownFileType = sourcecode.swift; path = SetupManager.swift; sourceTree = "<group>"; };
		5564B99419540E50E1276D79 /* CategoryIcon.swift */ = {isa = PBXFileReference; lastKnownFileType = sourcecode.swift; path = CategoryIcon.swift; sourceTree = "<group>"; };
		56404BDE58192F0E86AD8B7E /* AppFonts.swift */ = {isa = PBXFileReference; lastKnownFileType = sourcecode.swift; path = AppFonts.swift; sourceTree = "<group>"; };
		570CC30E4C6DA6D972276E16 /* ProxyLog.swift */ = {isa = PBXFileReference; lastKnownFileType = sourcecode.swift; path = ProxyLog.swift; sourceTree = "<group>"; };
		5AF474BC29A1530637DA89AB /* MenuBarView.swift */ = {isa = PBXFileReference; lastKnownFileType = sourcecode.swift; path = MenuBarView.swift; sourceTree = "<group>"; };
		5D2999D8FAA2B2AA1066D5B7 /* KeyListView.swift */ = {isa = PBXFileReference; lastKnownFileType = sourcecode.swift; path = KeyListView.swift; sourceTree = "<group>"; };
		643534F04E9F8B5F19FF1F0D /* ActivityView.swift */ = {isa = PBXFileReference; lastKnownFileType = sourcecode.swift; path = ActivityView.swift; sourceTree = "<group>"; };
		68AC51C702FED7968C5CE7CA /* KeyEditorView.swift */ = {isa = PBXFileReference; lastKnownFileType = sourcecode.swift; path = KeyEditorView.swift; sourceTree = "<group>"; };
		6C53937A25B01C4B954FA50F /* ServiceType.swift */ = {isa = PBXFileReference; lastKnownFileType = sourcecode.swift; path = ServiceType.swift; sourceTree = "<group>"; };
		6CE26B4571DA45A26B9C6E53 /* Assets.xcassets */ = {isa = PBXFileReference; lastKnownFileType = folder.assetcatalog; path = Assets.xcassets; sourceTree = "<group>"; };
		6D8C7190C24537528AD2B987 /* FingerprintTOFUStore.swift */ = {isa = PBXFileReference; lastKnownFileType = sourcecode.swift; path = FingerprintTOFUStore.swift; sourceTree = "<group>"; };
		725C9C438F482637B8B5A895 /* AIkeychainTests.xctest */ = {isa = PBXFileReference; explicitFileType = wrapper.cfbundle; includeInIndex = 0; path = AIkeychainTests.xctest; sourceTree = BUILT_PRODUCTS_DIR; };
		728E72380D1F60902EF105B2 /* ZshrcExporter.swift */ = {isa = PBXFileReference; lastKnownFileType = sourcecode.swift; path = ZshrcExporter.swift; sourceTree = "<group>"; };
		76FF79BB82A54008BE24C981 /* HelpView.swift */ = {isa = PBXFileReference; lastKnownFileType = sourcecode.swift; path = HelpView.swift; sourceTree = "<group>"; };
		77DAFD5CC9DA2B47003B7C1F /* EnvImportView.swift */ = {isa = PBXFileReference; lastKnownFileType = sourcecode.swift; path = EnvImportView.swift; sourceTree = "<group>"; };
		7DF81328B72F2A8A703BEFF2 /* L10n.swift */ = {isa = PBXFileReference; lastKnownFileType = sourcecode.swift; path = L10n.swift; sourceTree = "<group>"; };
		86254B995FB20769DA53656A /* KeyListViewModel.swift */ = {isa = PBXFileReference; lastKnownFileType = sourcecode.swift; path = KeyListViewModel.swift; sourceTree = "<group>"; };
		8BAA59605A0988605BDA9071 /* APIKey.swift */ = {isa = PBXFileReference; lastKnownFileType = sourcecode.swift; path = APIKey.swift; sourceTree = "<group>"; };
		92065103580C94C2BB99FB48 /* CustomKeyStore.swift */ = {isa = PBXFileReference; lastKnownFileType = sourcecode.swift; path = CustomKeyStore.swift; sourceTree = "<group>"; };
		9337A8498BD6DA1B0AE6343C /* LegacyKeyScannerTests.swift */ = {isa = PBXFileReference; lastKnownFileType = sourcecode.swift; path = LegacyKeyScannerTests.swift; sourceTree = "<group>"; };
		956D2DFA56DC4FD7D699EC36 /* SecurityCLIKeychainService.swift */ = {isa = PBXFileReference; lastKnownFileType = sourcecode.swift; path = SecurityCLIKeychainService.swift; sourceTree = "<group>"; };
		99B69E8B22FA2C8C00A6DF9A /* AppLanguage.swift */ = {isa = PBXFileReference; lastKnownFileType = sourcecode.swift; path = AppLanguage.swift; sourceTree = "<group>"; };
		9C17D41EA989227C3858DBEE /* AIkeychain.app */ = {isa = PBXFileReference; explicitFileType = wrapper.application; includeInIndex = 0; path = AIkeychain.app; sourceTree = BUILT_PRODUCTS_DIR; };
		A5AE0FFA12A5A654B81D2DBA /* OnboardingView.swift */ = {isa = PBXFileReference; lastKnownFileType = sourcecode.swift; path = OnboardingView.swift; sourceTree = "<group>"; };
		AB1D3DCA2727A4F0E3B73623 /* AppAnimations.swift */ = {isa = PBXFileReference; lastKnownFileType = sourcecode.swift; path = AppAnimations.swift; sourceTree = "<group>"; };
		B34D69424777BDC24CCEE278 /* MainView.swift */ = {isa = PBXFileReference; lastKnownFileType = sourcecode.swift; path = MainView.swift; sourceTree = "<group>"; };
		B71C2E4D1617957A56CFF459 /* KeyRowView.swift */ = {isa = PBXFileReference; lastKnownFileType = sourcecode.swift; path = KeyRowView.swift; sourceTree = "<group>"; };
		B76CC5D338AC4C682B18BBA6 /* ProxyRoute.swift */ = {isa = PBXFileReference; lastKnownFileType = sourcecode.swift; path = ProxyRoute.swift; sourceTree = "<group>"; };
		BBB424D42EDE63D9E03A86DD /* ProxyTests.swift */ = {isa = PBXFileReference; lastKnownFileType = sourcecode.swift; path = ProxyTests.swift; sourceTree = "<group>"; };
		CFEC2C4A62A257212BEE4D95 /* SetupManagerTests.swift */ = {isa = PBXFileReference; lastKnownFileType = sourcecode.swift; path = SetupManagerTests.swift; sourceTree = "<group>"; };
		D6B529E3962BE2F851B2297B /* SecurityCLIKeychainServiceTests.swift */ = {isa = PBXFileReference; lastKnownFileType = sourcecode.swift; path = SecurityCLIKeychainServiceTests.swift; sourceTree = "<group>"; };
		DDE2E88F59640366B8EE60C8 /* ProxyServer.swift */ = {isa = PBXFileReference; lastKnownFileType = sourcecode.swift; path = ProxyServer.swift; sourceTree = "<group>"; };
		E18270833BDFFEACBE8F6B44 /* KeyShareServiceTests.swift */ = {isa = PBXFileReference; lastKnownFileType = sourcecode.swift; path = KeyShareServiceTests.swift; sourceTree = "<group>"; };
		E18E322C52277BDBD022D701 /* SecretHygiene.swift */ = {isa = PBXFileReference; lastKnownFileType = sourcecode.swift; path = SecretHygiene.swift; sourceTree = "<group>"; };
		F1CFA57EED2AEC2489060E17 /* KeychainService.swift */ = {isa = PBXFileReference; lastKnownFileType = sourcecode.swift; path = KeychainService.swift; sourceTree = "<group>"; };
		F2A3438BA6DB0A665C0E3D08 /* OnboardingViewModel.swift */ = {isa = PBXFileReference; lastKnownFileType = sourcecode.swift; path = OnboardingViewModel.swift; sourceTree = "<group>"; };
		F69D54AA42B1FDEBB2AD036B /* ViewModelTests.swift */ = {isa = PBXFileReference; lastKnownFileType = sourcecode.swift; path = ViewModelTests.swift; sourceTree = "<group>"; };
		FCD863D9D3D25902544E5FFC /* ShareKeysView.swift */ = {isa = PBXFileReference; lastKnownFileType = sourcecode.swift; path = ShareKeysView.swift; sourceTree = "<group>"; };
		FE1D9FC4A50AB922B9C1FD1A /* LegacyKeyScanner.swift */ = {isa = PBXFileReference; lastKnownFileType = sourcecode.swift; path = LegacyKeyScanner.swift; sourceTree = "<group>"; };
		FE82389E8C1EDD586872750A /* IconPickerGrid.swift */ = {isa = PBXFileReference; lastKnownFileType = sourcecode.swift; path = IconPickerGrid.swift; sourceTree = "<group>"; };
/* End PBXFileReference section */

/* Begin PBXGroup section */
		0480AF2C5E96FFE0B710D6EB /* AIkeychain */ = {
			isa = PBXGroup;
			children = (
				42FBF226CDBB7B16615DB078 /* AIkeychainApp.swift */,
				7EE7806BAD35D726B550CAC4 /* Components */,
				B31A6995457DBE75C1D3B107 /* Models */,
				935A586DB5E881452E3C5D0F /* Resources */,
				EB63167DEDE6AD07910E3181 /* Services */,
				D1293872A05EEEA196B9D5FB /* Theme */,
				C5E757D1825F430DB025C66B /* ViewModels */,
				59E705C3BF8EAB243BA4E46E /* Views */,
			);
			path = AIkeychain;
			sourceTree = "<group>";
		};
		15C40E7A44262E24943115F6 /* AIkeychainTests */ = {
			isa = PBXGroup;
			children = (
				28DC4BEF20A119E940433F3A /* KeychainServiceTests.swift */,
				0CE42D145C1D539331367E03 /* KeyShareHardeningTests.swift */,
				E18270833BDFFEACBE8F6B44 /* KeyShareServiceTests.swift */,
				9337A8498BD6DA1B0AE6343C /* LegacyKeyScannerTests.swift */,
				0F4D6C9DC84B322FB385ACE3 /* ModelTests.swift */,
				BBB424D42EDE63D9E03A86DD /* ProxyTests.swift */,
				1EDF5F4F543FDCFEAE87669B /* SecretRefTests.swift */,
				D6B529E3962BE2F851B2297B /* SecurityCLIKeychainServiceTests.swift */,
				CFEC2C4A62A257212BEE4D95 /* SetupManagerTests.swift */,
				F69D54AA42B1FDEBB2AD036B /* ViewModelTests.swift */,
			);
			path = AIkeychainTests;
			sourceTree = "<group>";
		};
		28AF2057BD8F340262518C1E /* Onboarding */ = {
			isa = PBXGroup;
			children = (
				A5AE0FFA12A5A654B81D2DBA /* OnboardingView.swift */,
			);
			path = Onboarding;
			sourceTree = "<group>";
		};
		3583B31A559FCC2A23E29BC3 /* Components */ = {
			isa = PBXGroup;
			children = (
				FE82389E8C1EDD586872750A /* IconPickerGrid.swift */,
			);
			path = Components;
			sourceTree = "<group>";
		};
		59E705C3BF8EAB243BA4E46E /* Views */ = {
			isa = PBXGroup;
			children = (
				643534F04E9F8B5F19FF1F0D /* ActivityView.swift */,
				3D7940FCD731745BFFB05406 /* CategoryManagerView.swift */,
				377083C62C68CDF42F4B6F29 /* CleanupView.swift */,
				77DAFD5CC9DA2B47003B7C1F /* EnvImportView.swift */,
				76FF79BB82A54008BE24C981 /* HelpView.swift */,
				5AF474BC29A1530637DA89AB /* MenuBarView.swift */,
				2939F10EF6CE9C4D059904DC /* ModeSelectView.swift */,
				4A96E32BD83312A5116D44E7 /* RecoveryView.swift */,
				FCD863D9D3D25902544E5FFC /* ShareKeysView.swift */,
				523C0657000343A2582C98A4 /* UpgradeTourView.swift */,
				3583B31A559FCC2A23E29BC3 /* Components */,
				C166B224999EEA1A66870FC9 /* Editor */,
				A9A45D381E261DC40D05F3B2 /* Export */,
				EAD00F96FE54FBD31C7BED93 /* Main */,
				28AF2057BD8F340262518C1E /* Onboarding */,
			);
			path = Views;
			sourceTree = "<group>";
		};
		6587F8CC643A983D15A8175B /* Products */ = {
			isa = PBXGroup;
			children = (
				9C17D41EA989227C3858DBEE /* AIkeychain.app */,
				725C9C438F482637B8B5A895 /* AIkeychainTests.xctest */,
			);
			name = Products;
			sourceTree = "<group>";
		};
		7AA138EAC3D5A559D44895ED = {
			isa = PBXGroup;
			children = (
				0480AF2C5E96FFE0B710D6EB /* AIkeychain */,
				7D86EB0A91D0F14CE9393B36 /* Tests */,
				6587F8CC643A983D15A8175B /* Products */,
			);
			sourceTree = "<group>";
		};
		7D86EB0A91D0F14CE9393B36 /* Tests */ = {
			isa = PBXGroup;
			children = (
				15C40E7A44262E24943115F6 /* AIkeychainTests */,
			);
			path = Tests;
			sourceTree = "<group>";
		};
		7EE7806BAD35D726B550CAC4 /* Components */ = {
			isa = PBXGroup;
			children = (
				5564B99419540E50E1276D79 /* CategoryIcon.swift */,
				0896F50DD989F27221B31944 /* ServiceIcon.swift */,
				32265D7FB6EBE3FCEF791DDB /* StatusBadge.swift */,
			);
			path = Components;
			sourceTree = "<group>";
		};
		935A586DB5E881452E3C5D0F /* Resources */ = {
			isa = PBXGroup;
			children = (
				17CF9BE88F6A2F4FB9F5A79A /* AIkeychain.entitlements */,
				6CE26B4571DA45A26B9C6E53 /* Assets.xcassets */,
			);
			path = Resources;
			sourceTree = "<group>";
		};
		A9A45D381E261DC40D05F3B2 /* Export */ = {
			isa = PBXGroup;
			children = (
				1C09614C3D3E83949303EEAC /* ExportView.swift */,
			);
			path = Export;
			sourceTree = "<group>";
		};
		B31A6995457DBE75C1D3B107 /* Models */ = {
			isa = PBXGroup;
			children = (
				8BAA59605A0988605BDA9071 /* APIKey.swift */,
				99B69E8B22FA2C8C00A6DF9A /* AppLanguage.swift */,
				92065103580C94C2BB99FB48 /* CustomKeyStore.swift */,
				0B7B1F4D6E6116070ED7824F /* KeyCategory.swift */,
				0AEB106A3DD5A368DDDBD869 /* OnboardingStep.swift */,
				570CC30E4C6DA6D972276E16 /* ProxyLog.swift */,
				B76CC5D338AC4C682B18BBA6 /* ProxyRoute.swift */,
				6C53937A25B01C4B954FA50F /* ServiceType.swift */,
			);
			path = Models;
			sourceTree = "<group>";
		};
		C166B224999EEA1A66870FC9 /* Editor */ = {
			isa = PBXGroup;
			children = (
				68AC51C702FED7968C5CE7CA /* KeyEditorView.swift */,
			);
			path = Editor;
			sourceTree = "<group>";
		};
		C5E757D1825F430DB025C66B /* ViewModels */ = {
			isa = PBXGroup;
			children = (
				07092DBA1DCF960D200B9251 /* KeyEditorViewModel.swift */,
				86254B995FB20769DA53656A /* KeyListViewModel.swift */,
				F2A3438BA6DB0A665C0E3D08 /* OnboardingViewModel.swift */,
			);
			path = ViewModels;
			sourceTree = "<group>";
		};
		D1293872A05EEEA196B9D5FB /* Theme */ = {
			isa = PBXGroup;
			children = (
				AB1D3DCA2727A4F0E3B73623 /* AppAnimations.swift */,
				25AF158D6FB20753F89DF323 /* AppColors.swift */,
				56404BDE58192F0E86AD8B7E /* AppFonts.swift */,
			);
			path = Theme;
			sourceTree = "<group>";
		};
		EAD00F96FE54FBD31C7BED93 /* Main */ = {
			isa = PBXGroup;
			children = (
				5D2999D8FAA2B2AA1066D5B7 /* KeyListView.swift */,
				B71C2E4D1617957A56CFF459 /* KeyRowView.swift */,
				B34D69424777BDC24CCEE278 /* MainView.swift */,
				11E7404C25ED51694C3DF766 /* SidebarView.swift */,
			);
			path = Main;
			sourceTree = "<group>";
		};
		EB63167DEDE6AD07910E3181 /* Services */ = {
			isa = PBXGroup;
			children = (
				28BBC08B62D864042131E96C /* AppState.swift */,
				6D8C7190C24537528AD2B987 /* FingerprintTOFUStore.swift */,
				442E3D918DD99B2AC191CC0B /* HTTPRequestParser.swift */,
				F1CFA57EED2AEC2489060E17 /* KeychainService.swift */,
				2F4FD4DB8058AD798CC211E6 /* KeyShareService.swift */,
				7DF81328B72F2A8A703BEFF2 /* L10n.swift */,
				FE1D9FC4A50AB922B9C1FD1A /* LegacyKeyScanner.swift */,
				DDE2E88F59640366B8EE60C8 /* ProxyServer.swift */,
				E18E322C52277BDBD022D701 /* SecretHygiene.swift */,
				956D2DFA56DC4FD7D699EC36 /* SecurityCLIKeychainService.swift */,
				524109D967A855636B5BECB8 /* SetupManager.swift */,
				728E72380D1F60902EF105B2 /* ZshrcExporter.swift */,
			);
			path = Services;
			sourceTree = "<group>";
		};
/* End PBXGroup section */

/* Begin PBXNativeTarget section */
		0207970099731993A400F247 /* AIkeychain */ = {
			isa = PBXNativeTarget;
			buildConfigurationList = F043460D30B49B4185BB8AE9 /* Build configuration list for PBXNativeTarget "AIkeychain" */;
			buildPhases = (
				357D69885EC69A9D480D134E /* Sources */,
				4CCAB0DA4CBBB9F4C74C0223 /* Resources */,
			);
			buildRules = (
			);
			dependencies = (
			);
			name = AIkeychain;
			packageProductDependencies = (
			);
			productName = AIkeychain;
			productReference = 9C17D41EA989227C3858DBEE /* AIkeychain.app */;
			productType = "com.apple.product-type.application";
		};
		798B27ACB1754A09EA7938AD /* AIkeychainTests */ = {
			isa = PBXNativeTarget;
			buildConfigurationList = B2414E3C7381C689D058BEC0 /* Build configuration list for PBXNativeTarget "AIkeychainTests" */;
			buildPhases = (
				C6ABFEAC8C3D72B506BB38B3 /* Sources */,
			);
			buildRules = (
			);
			dependencies = (
				3E8AF78630C513CBDFC376EF /* PBXTargetDependency */,
			);
			name = AIkeychainTests;
			packageProductDependencies = (
			);
			productName = AIkeychainTests;
			productReference = 725C9C438F482637B8B5A895 /* AIkeychainTests.xctest */;
			productType = "com.apple.product-type.bundle.unit-test";
		};
/* End PBXNativeTarget section */

/* Begin PBXProject section */
		2087C2CF4AFA0309FCA0AD2A /* Project object */ = {
			isa = PBXProject;
			attributes = {
				BuildIndependentTargetsInParallel = YES;
				LastUpgradeCheck = 1500;
				TargetAttributes = {
				};
			};
			buildConfigurationList = AF59BE66376690D46694757B /* Build configuration list for PBXProject "AIkeychain" */;
			developmentRegion = en;
			hasScannedForEncodings = 0;
			knownRegions = (
				Base,
				en,
			);
			mainGroup = 7AA138EAC3D5A559D44895ED;
			minimizedProjectReferenceProxies = 1;
			preferredProjectObjectVersion = 77;
			productRefGroup = 6587F8CC643A983D15A8175B /* Products */;
			projectDirPath = "";
			projectRoot = "";
			targets = (
				0207970099731993A400F247 /* AIkeychain */,
				798B27ACB1754A09EA7938AD /* AIkeychainTests */,
			);
		};
/* End PBXProject section */

/* Begin PBXResourcesBuildPhase section */
		4CCAB0DA4CBBB9F4C74C0223 /* Resources */ = {
			isa = PBXResourcesBuildPhase;
			buildActionMask = 2147483647;
			files = (
				29216A0485E26E52B089FD20 /* Assets.xcassets in Resources */,
			);
			runOnlyForDeploymentPostprocessing = 0;
		};
/* End PBXResourcesBuildPhase section */

/* Begin PBXSourcesBuildPhase section */
		357D69885EC69A9D480D134E /* Sources */ = {
			isa = PBXSourcesBuildPhase;
			buildActionMask = 2147483647;
			files = (
				E6EF4BDCA836753730368031 /* AIkeychainApp.swift in Sources */,
				5278DF5E8B00C1E6B6784E11 /* APIKey.swift in Sources */,
				175996633B80B083380C17B4 /* ActivityView.swift in Sources */,
				F620D2BC08B405183D3732AB /* AppAnimations.swift in Sources */,
				997092F4B071916A707F052B /* AppColors.swift in Sources */,
				7D946F2DB9B9D085052EDB87 /* AppFonts.swift in Sources */,
				BBEC55D1F836E307DE46B844 /* AppLanguage.swift in Sources */,
				E805C8A422ADCA7B2042DE29 /* AppState.swift in Sources */,
				F1FCE802F6B8CD69C82050FD /* CategoryIcon.swift in Sources */,
				56E5895E051EA7C2D56E17CF /* CategoryManagerView.swift in Sources */,
				1005450B3DE62DDFB05DCBF8 /* CleanupView.swift in Sources */,
				5EDD36E5CB9496B9E8EE8747 /* CustomKeyStore.swift in Sources */,
				2966A971D9A2E8D269B44F43 /* EnvImportView.swift in Sources */,
				17E984B7629D8CE3316EA863 /* ExportView.swift in Sources */,
				E963094220E71C64DEA96121 /* FingerprintTOFUStore.swift in Sources */,
				25101CE19322B14D1988F7ED /* HTTPRequestParser.swift in Sources */,
				DB35D6EB592E09D00C582035 /* HelpView.swift in Sources */,
				A333DEEBD8AD828CC031413A /* IconPickerGrid.swift in Sources */,
				C8354CC8F169967E2C4F8058 /* KeyCategory.swift in Sources */,
				163DDFF8E8B54D9552084AC4 /* KeyEditorView.swift in Sources */,
				057C67CA77C34F8753AC4E1B /* KeyEditorViewModel.swift in Sources */,
				F76438E441201123E08CCBA2 /* KeyListView.swift in Sources */,
				AB911324067521B34322D8A9 /* KeyListViewModel.swift in Sources */,
				B2F5D286112157097BF29416 /* KeyRowView.swift in Sources */,
				3A56CD00EE4C3F00A9F4D0AD /* KeyShareService.swift in Sources */,
				2B3A4963FF166104314944CF /* KeychainService.swift in Sources */,
				E4121F90426AFDC4BD032F3A /* L10n.swift in Sources */,
				BD6043825D59D62BDB272066 /* LegacyKeyScanner.swift in Sources */,
				5254F9E77B6A8E4D94CD4EA2 /* MainView.swift in Sources */,
				AF1D41DA4AC29AEE58B49FDF /* MenuBarView.swift in Sources */,
				57E4627622F0FE9A65F945C1 /* ModeSelectView.swift in Sources */,
				6E06A2F98FD732DCB7D7D3CE /* OnboardingStep.swift in Sources */,
				C0048864B310D16BE77D460F /* OnboardingView.swift in Sources */,
				6DA3EEB53611C94BADF13C19 /* OnboardingViewModel.swift in Sources */,
				1AB9E049266DAB9AD0D35A3E /* ProxyLog.swift in Sources */,
				52B070DF55ECCB79349CF51C /* ProxyRoute.swift in Sources */,
				1FBDB678ABCDB9503FE0DCEA /* ProxyServer.swift in Sources */,
				C4C7726A2BDC408D034DC23A /* RecoveryView.swift in Sources */,
				ADD892CA115969AC2CF3C169 /* SecretHygiene.swift in Sources */,
				F600C34E56EF17E276B8E5B8 /* SecurityCLIKeychainService.swift in Sources */,
				47D0324B8366C625BD452CE3 /* ServiceIcon.swift in Sources */,
				6857A9D9465864324DC7F284 /* ServiceType.swift in Sources */,
				E60B2BDDB0E9793C2CC58C5C /* SetupManager.swift in Sources */,
				0780507AB54B25A9A3398422 /* ShareKeysView.swift in Sources */,
				A5417351BB72385534D8B9B7 /* SidebarView.swift in Sources */,
				329AFAC717680A8389A1B15A /* StatusBadge.swift in Sources */,
				F1F638CD03451687D1B92598 /* UpgradeTourView.swift in Sources */,
				57F88F187AB1107A3629A2BA /* ZshrcExporter.swift in Sources */,
			);
			runOnlyForDeploymentPostprocessing = 0;
		};
		C6ABFEAC8C3D72B506BB38B3 /* Sources */ = {
			isa = PBXSourcesBuildPhase;
			buildActionMask = 2147483647;
			files = (
				CD72365EE2B860B242D89708 /* KeyShareHardeningTests.swift in Sources */,
				1991B82F1FDB41603BD80CEC /* KeyShareServiceTests.swift in Sources */,
				A2F1064807E933FE345F8063 /* KeychainServiceTests.swift in Sources */,
				1D01789D63D03F256B16DD7A /* LegacyKeyScannerTests.swift in Sources */,
				CC6B7823B5DCA500A9A20A4D /* ModelTests.swift in Sources */,
				434F7D7FEE37A6CDED3AD084 /* ProxyTests.swift in Sources */,
				4013BBEA241CC555169FCF65 /* SecretRefTests.swift in Sources */,
				F0BB7FFD1936E579F9D65861 /* SecurityCLIKeychainServiceTests.swift in Sources */,
				63BB58A5661CD588F35B64D7 /* SetupManagerTests.swift in Sources */,
				30C8DB25105498065C1AF8F5 /* ViewModelTests.swift in Sources */,
			);
			runOnlyForDeploymentPostprocessing = 0;
		};
/* End PBXSourcesBuildPhase section */

/* Begin PBXTargetDependency section */
		3E8AF78630C513CBDFC376EF /* PBXTargetDependency */ = {
			isa = PBXTargetDependency;
			target = 0207970099731993A400F247 /* AIkeychain */;
			targetProxy = 7048B385D281BCBDB12248E1 /* PBXContainerItemProxy */;
		};
/* End PBXTargetDependency section */

/* Begin XCBuildConfiguration section */
		3D41B5F3DAA4A7F642D46C1C /* Debug */ = {
			isa = XCBuildConfiguration;
			buildSettings = {
				ALWAYS_SEARCH_USER_PATHS = NO;
				CLANG_ANALYZER_NONNULL = YES;
				CLANG_ANALYZER_NUMBER_OBJECT_CONVERSION = YES_AGGRESSIVE;
				CLANG_CXX_LANGUAGE_STANDARD = "gnu++14";
				CLANG_CXX_LIBRARY = "libc++";
				CLANG_ENABLE_MODULES = YES;
				CLANG_ENABLE_OBJC_ARC = YES;
				CLANG_ENABLE_OBJC_WEAK = YES;
				CLANG_WARN_BLOCK_CAPTURE_AUTORELEASING = YES;
				CLANG_WARN_BOOL_CONVERSION = YES;
				CLANG_WARN_COMMA = YES;
				CLANG_WARN_CONSTANT_CONVERSION = YES;
				CLANG_WARN_DEPRECATED_OBJC_IMPLEMENTATIONS = YES;
				CLANG_WARN_DIRECT_OBJC_ISA_USAGE = YES_ERROR;
				CLANG_WARN_DOCUMENTATION_COMMENTS = YES;
				CLANG_WARN_EMPTY_BODY = YES;
				CLANG_WARN_ENUM_CONVERSION = YES;
				CLANG_WARN_INFINITE_RECURSION = YES;
				CLANG_WARN_INT_CONVERSION = YES;
				CLANG_WARN_NON_LITERAL_NULL_CONVERSION = YES;
				CLANG_WARN_OBJC_IMPLICIT_RETAIN_SELF = YES;
				CLANG_WARN_OBJC_LITERAL_CONVERSION = YES;
				CLANG_WARN_OBJC_ROOT_CLASS = YES_ERROR;
				CLANG_WARN_QUOTED_INCLUDE_IN_FRAMEWORK_HEADER = YES;
				CLANG_WARN_RANGE_LOOP_ANALYSIS = YES;
				CLANG_WARN_STRICT_PROTOTYPES = YES;
				CLANG_WARN_SUSPICIOUS_MOVE = YES;
				CLANG_WARN_UNGUARDED_AVAILABILITY = YES_AGGRESSIVE;
				CLANG_WARN_UNREACHABLE_CODE = YES;
				CLANG_WARN__DUPLICATE_METHOD_MATCH = YES;
				COPY_PHASE_STRIP = NO;
				DEBUG_INFORMATION_FORMAT = dwarf;
				ENABLE_STRICT_OBJC_MSGSEND = YES;
				ENABLE_TESTABILITY = YES;
				GCC_C_LANGUAGE_STANDARD = gnu11;
				GCC_DYNAMIC_NO_PIC = NO;
				GCC_NO_COMMON_BLOCKS = YES;
				GCC_OPTIMIZATION_LEVEL = 0;
				GCC_PREPROCESSOR_DEFINITIONS = (
					"$(inherited)",
					"DEBUG=1",
				);
				GCC_WARN_64_TO_32_BIT_CONVERSION = YES;
				GCC_WARN_ABOUT_RETURN_TYPE = YES_ERROR;
				GCC_WARN_UNDECLARED_SELECTOR = YES;
				GCC_WARN_UNINITIALIZED_AUTOS = YES_AGGRESSIVE;
				GCC_WARN_UNUSED_FUNCTION = YES;
				GCC_WARN_UNUSED_VARIABLE = YES;
				MACOSX_DEPLOYMENT_TARGET = 14.0;
				MTL_ENABLE_DEBUG_INFO = INCLUDE_SOURCE;
				MTL_FAST_MATH = YES;
				ONLY_ACTIVE_ARCH = YES;
				PRODUCT_NAME = "$(TARGET_NAME)";
				SDKROOT = macosx;
				SWIFT_ACTIVE_COMPILATION_CONDITIONS = DEBUG;
				SWIFT_OPTIMIZATION_LEVEL = "-Onone";
				SWIFT_VERSION = 5.0;
			};
			name = Debug;
		};
		4F90E9ABD86D08B2C0959911 /* Debug */ = {
			isa = XCBuildConfiguration;
			buildSettings = {
				BUNDLE_LOADER = "$(TEST_HOST)";
				COMBINE_HIDPI_IMAGES = YES;
				GENERATE_INFOPLIST_FILE = YES;
				LD_RUNPATH_SEARCH_PATHS = (
					"$(inherited)",
					"@executable_path/../Frameworks",
					"@loader_path/../Frameworks",
				);
				MACOSX_DEPLOYMENT_TARGET = 14.0;
				PRODUCT_BUNDLE_IDENTIFIER = com.aieo.aikeychainTests;
				SDKROOT = macosx;
				SWIFT_VERSION = 5.9;
				TEST_HOST = "$(BUILT_PRODUCTS_DIR)/AIkeychain.app/Contents/MacOS/AIkeychain";
			};
			name = Debug;
		};
		5E518FABE8033B22A771692B /* Debug */ = {
			isa = XCBuildConfiguration;
			buildSettings = {
				ASSETCATALOG_COMPILER_APPICON_NAME = AppIcon;
				CODE_SIGN_ENTITLEMENTS = AIkeychain/Resources/AIkeychain.entitlements;
				COMBINE_HIDPI_IMAGES = YES;
				CURRENT_PROJECT_VERSION = 1;
				ENABLE_APP_SANDBOX = NO;
				GENERATE_INFOPLIST_FILE = YES;
				INFOPLIST_KEY_CFBundleDisplayName = "AI KeyChain";
				INFOPLIST_KEY_LSApplicationCategoryType = "public.app-category.developer-tools";
				LD_RUNPATH_SEARCH_PATHS = (
					"$(inherited)",
					"@executable_path/../Frameworks",
				);
				MACOSX_DEPLOYMENT_TARGET = 14.0;
				MARKETING_VERSION = 2.0.0;
				PRODUCT_BUNDLE_IDENTIFIER = com.aieo.aikeychain;
				SDKROOT = macosx;
				SWIFT_VERSION = 5.9;
			};
			name = Debug;
		};
		8578C146C586B80B529239C0 /* Release */ = {
			isa = XCBuildConfiguration;
			buildSettings = {
				ALWAYS_SEARCH_USER_PATHS = NO;
				CLANG_ANALYZER_NONNULL = YES;
				CLANG_ANALYZER_NUMBER_OBJECT_CONVERSION = YES_AGGRESSIVE;
				CLANG_CXX_LANGUAGE_STANDARD = "gnu++14";
				CLANG_CXX_LIBRARY = "libc++";
				CLANG_ENABLE_MODULES = YES;
				CLANG_ENABLE_OBJC_ARC = YES;
				CLANG_ENABLE_OBJC_WEAK = YES;
				CLANG_WARN_BLOCK_CAPTURE_AUTORELEASING = YES;
				CLANG_WARN_BOOL_CONVERSION = YES;
				CLANG_WARN_COMMA = YES;
				CLANG_WARN_CONSTANT_CONVERSION = YES;
				CLANG_WARN_DEPRECATED_OBJC_IMPLEMENTATIONS = YES;
				CLANG_WARN_DIRECT_OBJC_ISA_USAGE = YES_ERROR;
				CLANG_WARN_DOCUMENTATION_COMMENTS = YES;
				CLANG_WARN_EMPTY_BODY = YES;
				CLANG_WARN_ENUM_CONVERSION = YES;
				CLANG_WARN_INFINITE_RECURSION = YES;
				CLANG_WARN_INT_CONVERSION = YES;
				CLANG_WARN_NON_LITERAL_NULL_CONVERSION = YES;
				CLANG_WARN_OBJC_IMPLICIT_RETAIN_SELF = YES;
				CLANG_WARN_OBJC_LITERAL_CONVERSION = YES;
				CLANG_WARN_OBJC_ROOT_CLASS = YES_ERROR;
				CLANG_WARN_QUOTED_INCLUDE_IN_FRAMEWORK_HEADER = YES;
				CLANG_WARN_RANGE_LOOP_ANALYSIS = YES;
				CLANG_WARN_STRICT_PROTOTYPES = YES;
				CLANG_WARN_SUSPICIOUS_MOVE = YES;
				CLANG_WARN_UNGUARDED_AVAILABILITY = YES_AGGRESSIVE;
				CLANG_WARN_UNREACHABLE_CODE = YES;
				CLANG_WARN__DUPLICATE_METHOD_MATCH = YES;
				COPY_PHASE_STRIP = NO;
				DEBUG_INFORMATION_FORMAT = "dwarf-with-dsym";
				ENABLE_NS_ASSERTIONS = NO;
				ENABLE_STRICT_OBJC_MSGSEND = YES;
				GCC_C_LANGUAGE_STANDARD = gnu11;
				GCC_NO_COMMON_BLOCKS = YES;
				GCC_WARN_64_TO_32_BIT_CONVERSION = YES;
				GCC_WARN_ABOUT_RETURN_TYPE = YES_ERROR;
				GCC_WARN_UNDECLARED_SELECTOR = YES;
				GCC_WARN_UNINITIALIZED_AUTOS = YES_AGGRESSIVE;
				GCC_WARN_UNUSED_FUNCTION = YES;
				GCC_WARN_UNUSED_VARIABLE = YES;
				MACOSX_DEPLOYMENT_TARGET = 14.0;
				MTL_ENABLE_DEBUG_INFO = NO;
				MTL_FAST_MATH = YES;
				PRODUCT_NAME = "$(TARGET_NAME)";
				SDKROOT = macosx;
				SWIFT_COMPILATION_MODE = wholemodule;
				SWIFT_OPTIMIZATION_LEVEL = "-O";
				SWIFT_VERSION = 5.0;
			};
			name = Release;
		};
		9AA41F4A9D8ECB6D1012A1B5 /* Release */ = {
			isa = XCBuildConfiguration;
			buildSettings = {
				BUNDLE_LOADER = "$(TEST_HOST)";
				COMBINE_HIDPI_IMAGES = YES;
				GENERATE_INFOPLIST_FILE = YES;
				LD_RUNPATH_SEARCH_PATHS = (
					"$(inherited)",
					"@executable_path/../Frameworks",
					"@loader_path/../Frameworks",
				);
				MACOSX_DEPLOYMENT_TARGET = 14.0;
				PRODUCT_BUNDLE_IDENTIFIER = com.aieo.aikeychainTests;
				SDKROOT = macosx;
				SWIFT_VERSION = 5.9;
				TEST_HOST = "$(BUILT_PRODUCTS_DIR)/AIkeychain.app/Contents/MacOS/AIkeychain";
			};
			name = Release;
		};
		CFB40A82F9A4973CEC503091 /* Release */ = {
			isa = XCBuildConfiguration;
			buildSettings = {
				ASSETCATALOG_COMPILER_APPICON_NAME = AppIcon;
				CODE_SIGN_ENTITLEMENTS = AIkeychain/Resources/AIkeychain.entitlements;
				COMBINE_HIDPI_IMAGES = YES;
				CURRENT_PROJECT_VERSION = 1;
				ENABLE_APP_SANDBOX = NO;
				GENERATE_INFOPLIST_FILE = YES;
				INFOPLIST_KEY_CFBundleDisplayName = "AI KeyChain";
				INFOPLIST_KEY_LSApplicationCategoryType = "public.app-category.developer-tools";
				LD_RUNPATH_SEARCH_PATHS = (
					"$(inherited)",
					"@executable_path/../Frameworks",
				);
				MACOSX_DEPLOYMENT_TARGET = 14.0;
				MARKETING_VERSION = 2.0.0;
				PRODUCT_BUNDLE_IDENTIFIER = com.aieo.aikeychain;
				SDKROOT = macosx;
				SWIFT_VERSION = 5.9;
			};
			name = Release;
		};
/* End XCBuildConfiguration section */

/* Begin XCConfigurationList section */
		AF59BE66376690D46694757B /* Build configuration list for PBXProject "AIkeychain" */ = {
			isa = XCConfigurationList;
			buildConfigurations = (
				3D41B5F3DAA4A7F642D46C1C /* Debug */,
				8578C146C586B80B529239C0 /* Release */,
			);
			defaultConfigurationIsVisible = 0;
			defaultConfigurationName = Debug;
		};
		B2414E3C7381C689D058BEC0 /* Build configuration list for PBXNativeTarget "AIkeychainTests" */ = {
			isa = XCConfigurationList;
			buildConfigurations = (
				4F90E9ABD86D08B2C0959911 /* Debug */,
				9AA41F4A9D8ECB6D1012A1B5 /* Release */,
			);
			defaultConfigurationIsVisible = 0;
			defaultConfigurationName = Debug;
		};
		F043460D30B49B4185BB8AE9 /* Build configuration list for PBXNativeTarget "AIkeychain" */ = {
			isa = XCConfigurationList;
			buildConfigurations = (
				5E518FABE8033B22A771692B /* Debug */,
				CFB40A82F9A4973CEC503091 /* Release */,
			);
			defaultConfigurationIsVisible = 0;
			defaultConfigurationName = Debug;
		};
/* End XCConfigurationList section */
	};
	rootObject = 2087C2CF4AFA0309FCA0AD2A /* Project object */;
}
